
Microsoft Visual Studio Solution File, Format Version 12.00
# Visual Studio Version 17
VisualStudioVersion = 17.3.32611.2
MinimumVisualStudioVersion = 10.0.40219.1
Project("{9A19103F-16F7-4668-BE54-9A1E7A4F7556}") = "Orleans.DataStructures", "src\Orleans.DataStructures\Orleans.DataStructures.csproj", "{CA1BA33A-A591-4D46-9BDA-2CAED1BFAFB9}"
EndProject
Project("{2150E333-8FDC-42A3-9474-1A3956D46DE8}") = "Samples", "Samples", "{DE6B5284-DB2D-4F23-B924-4324AC0BCE36}"
EndProject
Project("{9A19103F-16F7-4668-BE54-9A1E7A4F7556}") = "Examples.Server", "samples\Examples.Server\Examples.Server.csproj", "{D758BE83-BA2D-4583-B358-E0A309719C79}"
EndProject
Project("{9A19103F-16F7-4668-BE54-9A1E7A4F7556}") = "Examples.Client", "samples\Examples.Client\Examples.Client.csproj", "{110CDAB8-BE33-4293-BA4E-2AB53B0DBB9D}"
EndProject
Global
	GlobalSection(SolutionConfigurationPlatforms) = preSolution
		Debug|Any CPU = Debug|Any CPU
		Release|Any CPU = Release|Any CPU
	EndGlobalSection
	GlobalSection(ProjectConfigurationPlatforms) = postSolution
		{CA1BA33A-A591-4D46-9BDA-2CAED1BFAFB9}.Debug|Any CPU.ActiveCfg = Debug|Any CPU
		{CA1BA33A-A591-4D46-9BDA-2CAED1BFAFB9}.Debug|Any CPU.Build.0 = Debug|Any CPU
		{CA1BA33A-A591-4D46-9BDA-2CAED1BFAFB9}.Release|Any CPU.ActiveCfg = Release|Any CPU
		{CA1BA33A-A591-4D46-9BDA-2CAED1BFAFB9}.Release|Any CPU.Build.0 = Release|Any CPU
		{D758BE83-BA2D-4583-B358-E0A309719C79}.Debug|Any CPU.ActiveCfg = Debug|Any CPU
		{D758BE83-BA2D-4583-B358-E0A309719C79}.Debug|Any CPU.Build.0 = Debug|Any CPU
		{D758BE83-BA2D-4583-B358-E0A309719C79}.Release|Any CPU.ActiveCfg = Release|Any CPU
		{D758BE83-BA2D-4583-B358-E0A309719C79}.Release|Any CPU.Build.0 = Release|Any CPU
		{110CDAB8-BE33-4293-BA4E-2AB53B0DBB9D}.Debug|Any CPU.ActiveCfg = Debug|Any CPU
		{110CDAB8-BE33-4293-BA4E-2AB53B0DBB9D}.Debug|Any CPU.Build.0 = Debug|Any CPU
		{110CDAB8-BE33-4293-BA4E-2AB53B0DBB9D}.Release|Any CPU.ActiveCfg = Release|Any CPU
		{110CDAB8-BE33-4293-BA4E-2AB53B0DBB9D}.Release|Any CPU.Build.0 = Release|Any CPU
	EndGlobalSection
	GlobalSection(SolutionProperties) = preSolution
		HideSolutionNode = FALSE
	EndGlobalSection
	GlobalSection(NestedProjects) = preSolution
		{D758BE83-BA2D-4583-B358-E0A309719C79} = {DE6B5284-DB2D-4F23-B924-4324AC0BCE36}
		{110CDAB8-BE33-4293-BA4E-2AB53B0DBB9D} = {DE6B5284-DB2D-4F23-B924-4324AC0BCE36}
	EndGlobalSection
	GlobalSection(ExtensibilityGlobals) = postSolution
		SolutionGuid = {A7E5AF4C-0D09-40D4-88AD-353D046F6441}
	EndGlobalSection
EndGlobal
